// !$*UTF8*$!
{
	archiveVersion = 1;
	classes = {
	};
	objectVersion = 46;
	objects = {

/* Begin PBXBuildFile section */
		EB89098D194F5E870078D263 /* AppDelegate.swift in Sources */ = {isa = PBXBuildFile; fileRef = EB89098C194F5E870078D263 /* AppDelegate.swift */; };
		EB89098F194F5E870078D263 /* ViewController.swift in Sources */ = {isa = PBXBuildFile; fileRef = EB89098E194F5E870078D263 /* ViewController.swift */; };
		EB890992194F5E870078D263 /* Main.storyboard in Resources */ = {isa = PBXBuildFile; fileRef = EB890990194F5E870078D263 /* Main.storyboard */; };
		EB890994194F5E870078D263 /* Images.xcassets in Resources */ = {isa = PBXBuildFile; fileRef = EB890993194F5E870078D263 /* Images.xcassets */; };
		EB8909A0194F5E870078D263 /* When_To_Wake_UpTests.swift in Sources */ = {isa = PBXBuildFile; fileRef = EB89099F194F5E870078D263 /* When_To_Wake_UpTests.swift */; };
/* End PBXBuildFile section */

/* Begin PBXContainerItemProxy section */
		EB89099A194F5E870078D263 /* PBXContainerItemProxy */ = {
			isa = PBXContainerItemProxy;
			containerPortal = EB89097F194F5E870078D263 /* Project object */;
			proxyType = 1;
			remoteGlobalIDString = EB890986194F5E870078D263;
			remoteInfo = "When To Wake Up";
		};
/* End PBXContainerItemProxy section */

/* Begin PBXFileReference section */
		EB890987194F5E870078D263 /* When To Wake Up.app */ = {isa = PBXFileReference; explicitFileType = wrapper.application; includeInIndex = 0; path = "When To Wake Up.app"; sourceTree = BUILT_PRODUCTS_DIR; };
		EB89098B194F5E870078D263 /* Info.plist */ = {isa = PBXFileReference; lastKnownFileType = text.plist.xml; path = Info.plist; sourceTree = "<group>"; };
		EB89098C194F5E870078D263 /* AppDelegate.swift */ = {isa = PBXFileReference; lastKnownFileType = sourcecode.swift; path = AppDelegate.swift; sourceTree = "<group>"; };
		EB89098E194F5E870078D263 /* ViewController.swift */ = {isa = PBXFileReference; lastKnownFileType = sourcecode.swift; path = ViewController.swift; sourceTree = "<group>"; };
		EB890991194F5E870078D263 /* Base */ = {isa = PBXFileReference; lastKnownFileType = file.storyboard; name = Base; path = Base.lproj/Main.storyboard; sourceTree = "<group>"; };
		EB890993194F5E870078D263 /* Images.xcassets */ = {isa = PBXFileReference; lastKnownFileType = folder.assetcatalog; path = Images.xcassets; sourceTree = "<group>"; };
		EB890999194F5E870078D263 /* When To Wake UpTests.xctest */ = {isa = PBXFileReference; explicitFileType = wrapper.cfbundle; includeInIndex = 0; path = "When To Wake UpTests.xctest"; sourceTree = BUILT_PRODUCTS_DIR; };
		EB89099E194F5E870078D263 /* Info.plist */ = {isa = PBXFileReference; lastKnownFileType = text.plist.xml; path = Info.plist; sourceTree = "<group>"; };
		EB89099F194F5E870078D263 /* When_To_Wake_UpTests.swift */ = {isa = PBXFileReference; lastKnownFileType = sourcecode.swift; path = When_To_Wake_UpTests.swift; sourceTree = "<group>"; };
/* End PBXFileReference section */

/* Begin PBXFrameworksBuildPhase section */
		EB890984194F5E870078D263 /* Frameworks */ = {
			isa = PBXFrameworksBuildPhase;
			buildActionMask = 2147483647;
			files = (
			);
			runOnlyForDeploymentPostprocessing = 0;
		};
		EB890996194F5E870078D263 /* Frameworks */ = {
			isa = PBXFrameworksBuildPhase;
			buildActionMask = 2147483647;
			files = (
			);
			runOnlyForDeploymentPostprocessing = 0;
		};
/* End PBXFrameworksBuildPhase section */

/* Begin PBXGroup section */
		EB89097E194F5E870078D263 = {
			isa = PBXGroup;
			children = (
				EB890989194F5E870078D263 /* When To Wake Up */,
				EB89099C194F5E870078D263 /* When To Wake UpTests */,
				EB890988194F5E870078D263 /* Products */,
			);
			sourceTree = "<group>";
		};
		EB890988194F5E870078D263 /* Products */ = {
			isa = PBXGroup;
			children = (
				EB890987194F5E870078D263 /* When To Wake Up.app */,
				EB890999194F5E870078D263 /* When To Wake UpTests.xctest */,
			);
			name = Products;
			sourceTree = "<group>";
		};
		EB890989194F5E870078D263 /* When To Wake Up */ = {
			isa = PBXGroup;
			children = (
				EB89098C194F5E870078D263 /* AppDelegate.swift */,
				EB89098E194F5E870078D263 /* ViewController.swift */,
				EB890990194F5E870078D263 /* Main.storyboard */,
				EB890993194F5E870078D263 /* Images.xcassets */,
				EB89098A194F5E870078D263 /* Supporting Files */,
			);
			path = "When To Wake Up";
			sourceTree = "<group>";
		};
		EB89098A194F5E870078D263 /* Supporting Files */ = {
			isa = PBXGroup;
			children = (
				EB89098B194F5E870078D263 /* Info.plist */,
			);
			name = "Supporting Files";
			sourceTree = "<group>";
		};
		EB89099C194F5E870078D263 /* When To Wake UpTests */ = {
			isa = PBXGroup;
			children = (
				EB89099F194F5E870078D263 /* When_To_Wake_UpTests.swift */,
				EB89099D194F5E870078D263 /* Supporting Files */,
			);
			path = "When To Wake UpTests";
			sourceTree = "<group>";
		};
		EB89099D194F5E870078D263 /* Supporting Files */ = {
			isa = PBXGroup;
			children = (
				EB89099E194F5E870078D263 /* Info.plist */,
			);
			name = "Supporting Files";
			sourceTree = "<group>";
		};
/* End PBXGroup section */

/* Begin PBXNativeTarget section */
		EB890986194F5E870078D263 /* When To Wake Up */ = {
			isa = PBXNativeTarget;
			buildConfigurationList = EB8909A3194F5E870078D263 /* Build configuration list for PBXNativeTarget "When To Wake Up" */;
			buildPhases = (
				EB890983194F5E870078D263 /* Sources */,
				EB890984194F5E870078D263 /* Frameworks */,
				EB890985194F5E870078D263 /* Resources */,
			);
			buildRules = (
			);
			dependencies = (
			);
			name = "When To Wake Up";
			productName = "When To Wake Up";
			productReference = EB890987194F5E870078D263 /* When To Wake Up.app */;
			productType = "com.apple.product-type.application";
		};
		EB890998194F5E870078D263 /* When To Wake UpTests */ = {
			isa = PBXNativeTarget;
			buildConfigurationList = EB8909A6194F5E870078D263 /* Build configuration list for PBXNativeTarget "When To Wake UpTests" */;
			buildPhases = (
				EB890995194F5E870078D263 /* Sources */,
				EB890996194F5E870078D263 /* Frameworks */,
				EB890997194F5E870078D263 /* Resources */,
			);
			buildRules = (
			);
			dependencies = (
				EB89099B194F5E870078D263 /* PBXTargetDependency */,
			);
			name = "When To Wake UpTests";
			productName = "When To Wake UpTests";
			productReference = EB890999194F5E870078D263 /* When To Wake UpTests.xctest */;
			productType = "com.apple.product-type.bundle.unit-test";
		};
/* End PBXNativeTarget section */

/* Begin PBXProject section */
		EB89097F194F5E870078D263 /* Project object */ = {
			isa = PBXProject;
			attributes = {
				LastUpgradeCheck = 0600;
				ORGANIZATIONNAME = "José Albornoz";
				TargetAttributes = {
					EB890986194F5E870078D263 = {
						CreatedOnToolsVersion = 6.0;
					};
					EB890998194F5E870078D263 = {
						CreatedOnToolsVersion = 6.0;
						TestTargetID = EB890986194F5E870078D263;
					};
				};
			};
			buildConfigurationList = EB890982194F5E870078D263 /* Build configuration list for PBXProject "When To Wake Up" */;
			compatibilityVersion = "Xcode 3.2";
			developmentRegion = English;
			hasScannedForEncodings = 0;
			knownRegions = (
				en,
				Base,
			);
			mainGroup = EB89097E194F5E870078D263;
			productRefGroup = EB890988194F5E870078D263 /* Products */;
			projectDirPath = "";
			projectRoot = "";
			targets = (
				EB890986194F5E870078D263 /* When To Wake Up */,
				EB890998194F5E870078D263 /* When To Wake UpTests */,
			);
		};
/* End PBXProject section */

/* Begin PBXResourcesBuildPhase section */
		EB890985194F5E870078D263 /* Resources */ = {
			isa = PBXResourcesBuildPhase;
			buildActionMask = 2147483647;
			files = (
				EB890992194F5E870078D263 /* Main.storyboard in Resources */,
				EB890994194F5E870078D263 /* Images.xcassets in Resources */,
			);
			runOnlyForDeploymentPostprocessing = 0;
		};
		EB890997194F5E870078D263 /* Resources */ = {
			isa = PBXResourcesBuildPhase;
			buildActionMask = 2147483647;
			files = (
			);
			runOnlyForDeploymentPostprocessing = 0;
		};
/* End PBXResourcesBuildPhase section */

/* Begin PBXSourcesBuildPhase section */
		EB890983194F5E870078D263 /* Sources */ = {
			isa = PBXSourcesBuildPhase;
			buildActionMask = 2147483647;
			files = (
				EB89098F194F5E870078D263 /* ViewController.swift in Sources */,
				EB89098D194F5E870078D263 /* AppDelegate.swift in Sources */,
			);
			runOnlyForDeploymentPostprocessing = 0;
		};
		EB890995194F5E870078D263 /* Sources */ = {
			isa = PBXSourcesBuildPhase;
			buildActionMask = 2147483647;
			files = (
				EB8909A0194F5E870078D263 /* When_To_Wake_UpTests.swift in Sources */,
			);
			runOnlyForDeploymentPostprocessing = 0;
		};
/* End PBXSourcesBuildPhase section */

/* Begin PBXTargetDependency section */
		EB89099B194F5E870078D263 /* PBXTargetDependency */ = {
			isa = PBXTargetDependency;
			target = EB890986194F5E870078D263 /* When To Wake Up */;
			targetProxy = EB89099A194F5E870078D263 /* PBXContainerItemProxy */;
		};
/* End PBXTargetDependency section */

/* Begin PBXVariantGroup section */
		EB890990194F5E870078D263 /* Main.storyboard */ = {
			isa = PBXVariantGroup;
			children = (
				EB890991194F5E870078D263 /* Base */,
			);
			name = Main.storyboard;
			sourceTree = "<group>";
		};
/* End PBXVariantGroup section */

/* Begin XCBuildConfiguration section */
		EB8909A1194F5E870078D263 /* Debug */ = {
			isa = XCBuildConfiguration;
			buildSettings = {
				ALWAYS_SEARCH_USER_PATHS = NO;
				CLANG_CXX_LANGUAGE_STANDARD = "gnu++0x";
				CLANG_CXX_LIBRARY = "libc++";
				CLANG_ENABLE_MODULES = YES;
				CLANG_ENABLE_OBJC_ARC = YES;
				CLANG_WARN_BOOL_CONVERSION = YES;
				CLANG_WARN_CONSTANT_CONVERSION = YES;
				CLANG_WARN_DIRECT_OBJC_ISA_USAGE = YES_ERROR;
				CLANG_WARN_EMPTY_BODY = YES;
				CLANG_WARN_ENUM_CONVERSION = YES;
				CLANG_WARN_INT_CONVERSION = YES;
				CLANG_WARN_OBJC_ROOT_CLASS = YES_ERROR;
				CLANG_WARN_UNREACHABLE_CODE = YES;
				CLANG_WARN__DUPLICATE_METHOD_MATCH = YES;
				"CODE_SIGN_IDENTITY[sdk=iphoneos*]" = "iPhone Developer";
				COPY_PHASE_STRIP = NO;
				ENABLE_STRICT_OBJC_MSGSEND = YES;
				GCC_C_LANGUAGE_STANDARD = gnu99;
				GCC_DYNAMIC_NO_PIC = NO;
				GCC_OPTIMIZATION_LEVEL = 0;
				GCC_PREPROCESSOR_DEFINITIONS = (
					"DEBUG=1",
					"$(inherited)",
				);
				GCC_SYMBOLS_PRIVATE_EXTERN = NO;
				GCC_WARN_64_TO_32_BIT_CONVERSION = YES;
				GCC_WARN_ABOUT_RETURN_TYPE = YES_ERROR;
				GCC_WARN_UNDECLARED_SELECTOR = YES;
				GCC_WARN_UNINITIALIZED_AUTOS = YES_AGGRESSIVE;
				GCC_WARN_UNUSED_FUNCTION = YES;
				GCC_WARN_UNUSED_VARIABLE = YES;
				IPHONEOS_DEPLOYMENT_TARGET = 8.0;
				METAL_ENABLE_DEBUG_INFO = YES;
				ONLY_ACTIVE_ARCH = YES;
				SDKROOT = iphoneos;
				SWIFT_OPTIMIZATION_LEVEL = "-Onone";
			};
			name = Debug;
		};
		EB8909A2194F5E870078D263 /* Release */ = {
			isa = XCBuildConfiguration;
			buildSettings = {
				ALWAYS_SEARCH_USER_PATHS = NO;
				CLANG_CXX_LANGUAGE_STANDARD = "gnu++0x";
				CLANG_CXX_LIBRARY = "libc++";
				CLANG_ENABLE_MODULES = YES;
				CLANG_ENABLE_OBJC_ARC = YES;
				CLANG_WARN_BOOL_CONVERSION = YES;
				CLANG_WARN_CONSTANT_CONVERSION = YES;
				CLANG_WARN_DIRECT_OBJC_ISA_USAGE = YES_ERROR;
				CLANG_WARN_EMPTY_BODY = YES;
				CLANG_WARN_ENUM_CONVERSION = YES;
				CLANG_WARN_INT_CONVERSION = YES;
				CLANG_WARN_OBJC_ROOT_CLASS = YES_ERROR;
				CLANG_WARN_UNREACHABLE_CODE = YES;
				CLANG_WARN__DUPLICATE_METHOD_MATCH = YES;
				"CODE_SIGN_IDENTITY[sdk=iphoneos*]" = "iPhone Developer";
				COPY_PHASE_STRIP = YES;
				ENABLE_NS_ASSERTIONS = NO;
				ENABLE_STRICT_OBJC_MSGSEND = YES;
				GCC_C_LANGUAGE_STANDARD = gnu99;
				GCC_WARN_64_TO_32_BIT_CONVERSION = YES;
				GCC_WARN_ABOUT_RETURN_TYPE = YES_ERROR;
				GCC_WARN_UNDECLARED_SELECTOR = YES;
				GCC_WARN_UNINITIALIZED_AUTOS = YES_AGGRESSIVE;
				GCC_WARN_UNUSED_FUNCTION = YES;
				GCC_WARN_UNUSED_VARIABLE = YES;
				IPHONEOS_DEPLOYMENT_TARGET = 8.0;
				METAL_ENABLE_DEBUG_INFO = NO;
				SDKROOT = iphoneos;
				VALIDATE_PRODUCT = YES;
			};
			name = Release;
		};
		EB8909A4194F5E870078D263 /* Debug */ = {
			isa = XCBuildConfiguration;
			buildSettings = {
				ASSETCATALOG_COMPILER_APPICON_NAME = AppIcon;
				ASSETCATALOG_COMPILER_LAUNCHIMAGE_NAME = LaunchImage;
				INFOPLIST_FILE = "When To Wake Up/Info.plist";
				IPHONEOS_DEPLOYMENT_TARGET = 7.0;
				LD_RUNPATH_SEARCH_PATHS = "$(inherited) @executable_path/Frameworks";
				PRODUCT_NAME = "$(TARGET_NAME)";
			};
			name = Debug;
		};
		EB8909A5194F5E870078D263 /* Release */ = {
			isa = XCBuildConfiguration;
			buildSettings = {
				ASSETCATALOG_COMPILER_APPICON_NAME = AppIcon;
				ASSETCATALOG_COMPILER_LAUNCHIMAGE_NAME = LaunchImage;
				INFOPLIST_FILE = "When To Wake Up/Info.plist";
				IPHONEOS_DEPLOYMENT_TARGET = 7.0;
				LD_RUNPATH_SEARCH_PATHS = "$(inherited) @executable_path/Frameworks";
				PRODUCT_NAME = "$(TARGET_NAME)";
			};
			name = Release;
		};
		EB8909A7194F5E870078D263 /* Debug */ = {
			isa = XCBuildConfiguration;
			buildSettings = {
				BUNDLE_LOADER = "$(BUILT_PRODUCTS_DIR)/When To Wake Up.app/When To Wake Up";
				FRAMEWORK_SEARCH_PATHS = (
					"$(SDKROOT)/Developer/Library/Frameworks",
					"$(inherited)",
				);
				GCC_PREPROCESSOR_DEFINITIONS = (
					"DEBUG=1",
					"$(inherited)",
				);
				INFOPLIST_FILE = "When To Wake UpTests/Info.plist";
				LD_RUNPATH_SEARCH_PATHS = "$(inherited) @executable_path/Frameworks @loader_path/Frameworks";
				METAL_ENABLE_DEBUG_INFO = YES;
				PRODUCT_NAME = "$(TARGET_NAME)";
				TEST_HOST = "$(BUNDLE_LOADER)";
			};
			name = Debug;
		};
		EB8909A8194F5E870078D263 /* Release */ = {
			isa = XCBuildConfiguration;
			buildSettings = {
				BUNDLE_LOADER = "$(BUILT_PRODUCTS_DIR)/When To Wake Up.app/When To Wake Up";
				FRAMEWORK_SEARCH_PATHS = (
					"$(SDKROOT)/Developer/Library/Frameworks",
					"$(inherited)",
				);
				INFOPLIST_FILE = "When To Wake UpTests/Info.plist";
				LD_RUNPATH_SEARCH_PATHS = "$(inherited) @executable_path/Frameworks @loader_path/Frameworks";
				METAL_ENABLE_DEBUG_INFO = NO;
				PRODUCT_NAME = "$(TARGET_NAME)";
				TEST_HOST = "$(BUNDLE_LOADER)";
			};
			name = Release;
		};
/* End XCBuildConfiguration section */

/* Begin XCConfigurationList section */
		EB890982194F5E870078D263 /* Build configuration list for PBXProject "When To Wake Up" */ = {
			isa = XCConfigurationList;
			buildConfigurations = (
				EB8909A1194F5E870078D263 /* Debug */,
				EB8909A2194F5E870078D263 /* Release */,
			);
			defaultConfigurationIsVisible = 0;
			defaultConfigurationName = Release;
		};
		EB8909A3194F5E870078D263 /* Build configuration list for PBXNativeTarget "When To Wake Up" */ = {
			isa = XCConfigurationList;
			buildConfigurations = (
				EB8909A4194F5E870078D263 /* Debug */,
				EB8909A5194F5E870078D263 /* Release */,
			);
			defaultConfigurationIsVisible = 0;
		};
		EB8909A6194F5E870078D263 /* Build configuration list for PBXNativeTarget "When To Wake UpTests" */ = {
			isa = XCConfigurationList;
			buildConfigurations = (
				EB8909A7194F5E870078D263 /* Debug */,
				EB8909A8194F5E870078D263 /* Release */,
			);
			defaultConfigurationIsVisible = 0;
		};
/* End XCConfigurationList section */
	};
	rootObject = EB89097F194F5E870078D263 /* Project object */;
}
